// !$*UTF8*$!
{
	archiveVersion = 1;
	classes = {
	};
	objectVersion = 46;
	objects = {

/* Begin PBXBuildFile section */
		65FF803F1EBFFF170037D137 /* AppDelegate.swift in Sources */ = {isa = PBXBuildFile; fileRef = 65FF803E1EBFFF170037D137 /* AppDelegate.swift */; };
		65FF80411EBFFF170037D137 /* ViewController.swift in Sources */ = {isa = PBXBuildFile; fileRef = 65FF80401EBFFF170037D137 /* ViewController.swift */; };
		65FF80441EBFFF170037D137 /* Main.storyboard in Resources */ = {isa = PBXBuildFile; fileRef = 65FF80421EBFFF170037D137 /* Main.storyboard */; };
		65FF80461EBFFF170037D137 /* Assets.xcassets in Resources */ = {isa = PBXBuildFile; fileRef = 65FF80451EBFFF170037D137 /* Assets.xcassets */; };
		65FF80491EBFFF170037D137 /* LaunchScreen.storyboard in Resources */ = {isa = PBXBuildFile; fileRef = 65FF80471EBFFF170037D137 /* LaunchScreen.storyboard */; };
		65FF80541EBFFF170037D137 /* iOSQuizTests.swift in Sources */ = {isa = PBXBuildFile; fileRef = 65FF80531EBFFF170037D137 /* iOSQuizTests.swift */; };
		65FF805F1EBFFF170037D137 /* iOSQuizUITests.swift in Sources */ = {isa = PBXBuildFile; fileRef = 65FF805E1EBFFF170037D137 /* iOSQuizUITests.swift */; };
/* End PBXBuildFile section */

/* Begin PBXContainerItemProxy section */
		65FF80501EBFFF170037D137 /* PBXContainerItemProxy */ = {
			isa = PBXContainerItemProxy;
			containerPortal = 65FF80331EBFFF170037D137 /* Project object */;
			proxyType = 1;
			remoteGlobalIDString = 65FF803A1EBFFF170037D137;
			remoteInfo = iOSQuiz;
		};
		65FF805B1EBFFF170037D137 /* PBXContainerItemProxy */ = {
			isa = PBXContainerItemProxy;
			containerPortal = 65FF80331EBFFF170037D137 /* Project object */;
			proxyType = 1;
			remoteGlobalIDString = 65FF803A1EBFFF170037D137;
			remoteInfo = iOSQuiz;
		};
/* End PBXContainerItemProxy section */

/* Begin PBXFileReference section */
		65FF803B1EBFFF170037D137 /* iOSQuiz.app */ = {isa = PBXFileReference; explicitFileType = wrapper.application; includeInIndex = 0; path = iOSQuiz.app; sourceTree = BUILT_PRODUCTS_DIR; };
		65FF803E1EBFFF170037D137 /* AppDelegate.swift */ = {isa = PBXFileReference; lastKnownFileType = sourcecode.swift; path = AppDelegate.swift; sourceTree = "<group>"; };
		65FF80401EBFFF170037D137 /* ViewController.swift */ = {isa = PBXFileReference; lastKnownFileType = sourcecode.swift; path = ViewController.swift; sourceTree = "<group>"; };
		65FF80431EBFFF170037D137 /* Base */ = {isa = PBXFileReference; lastKnownFileType = file.storyboard; name = Base; path = Base.lproj/Main.storyboard; sourceTree = "<group>"; };
		65FF80451EBFFF170037D137 /* Assets.xcassets */ = {isa = PBXFileReference; lastKnownFileType = folder.assetcatalog; path = Assets.xcassets; sourceTree = "<group>"; };
		65FF80481EBFFF170037D137 /* Base */ = {isa = PBXFileReference; lastKnownFileType = file.storyboard; name = Base; path = Base.lproj/LaunchScreen.storyboard; sourceTree = "<group>"; };
		65FF804A1EBFFF170037D137 /* Info.plist */ = {isa = PBXFileReference; lastKnownFileType = text.plist.xml; path = Info.plist; sourceTree = "<group>"; };
		65FF804F1EBFFF170037D137 /* iOSQuizTests.xctest */ = {isa = PBXFileReference; explicitFileType = wrapper.cfbundle; includeInIndex = 0; path = iOSQuizTests.xctest; sourceTree = BUILT_PRODUCTS_DIR; };
		65FF80531EBFFF170037D137 /* iOSQuizTests.swift */ = {isa = PBXFileReference; lastKnownFileType = sourcecode.swift; path = iOSQuizTests.swift; sourceTree = "<group>"; };
		65FF80551EBFFF170037D137 /* Info.plist */ = {isa = PBXFileReference; lastKnownFileType = text.plist.xml; path = Info.plist; sourceTree = "<group>"; };
		65FF805A1EBFFF170037D137 /* iOSQuizUITests.xctest */ = {isa = PBXFileReference; explicitFileType = wrapper.cfbundle; includeInIndex = 0; path = iOSQuizUITests.xctest; sourceTree = BUILT_PRODUCTS_DIR; };
		65FF805E1EBFFF170037D137 /* iOSQuizUITests.swift */ = {isa = PBXFileReference; lastKnownFileType = sourcecode.swift; path = iOSQuizUITests.swift; sourceTree = "<group>"; };
		65FF80601EBFFF170037D137 /* Info.plist */ = {isa = PBXFileReference; lastKnownFileType = text.plist.xml; path = Info.plist; sourceTree = "<group>"; };
/* End PBXFileReference section */

/* Begin PBXFrameworksBuildPhase section */
		65FF80381EBFFF170037D137 /* Frameworks */ = {
			isa = PBXFrameworksBuildPhase;
			buildActionMask = 2147483647;
			files = (
			);
			runOnlyForDeploymentPostprocessing = 0;
		};
		65FF804C1EBFFF170037D137 /* Frameworks */ = {
			isa = PBXFrameworksBuildPhase;
			buildActionMask = 2147483647;
			files = (
			);
			runOnlyForDeploymentPostprocessing = 0;
		};
		65FF80571EBFFF170037D137 /* Frameworks */ = {
			isa = PBXFrameworksBuildPhase;
			buildActionMask = 2147483647;
			files = (
			);
			runOnlyForDeploymentPostprocessing = 0;
		};
/* End PBXFrameworksBuildPhase section */

/* Begin PBXGroup section */
		65FF80321EBFFF170037D137 = {
			isa = PBXGroup;
			children = (
				65FF803D1EBFFF170037D137 /* iOSQuiz */,
				65FF80521EBFFF170037D137 /* iOSQuizTests */,
				65FF805D1EBFFF170037D137 /* iOSQuizUITests */,
				65FF803C1EBFFF170037D137 /* Products */,
			);
			sourceTree = "<group>";
		};
		65FF803C1EBFFF170037D137 /* Products */ = {
			isa = PBXGroup;
			children = (
				65FF803B1EBFFF170037D137 /* iOSQuiz.app */,
				65FF804F1EBFFF170037D137 /* iOSQuizTests.xctest */,
				65FF805A1EBFFF170037D137 /* iOSQuizUITests.xctest */,
			);
			name = Products;
			sourceTree = "<group>";
		};
		65FF803D1EBFFF170037D137 /* iOSQuiz */ = {
			isa = PBXGroup;
			children = (
				65FF803E1EBFFF170037D137 /* AppDelegate.swift */,
				65FF80401EBFFF170037D137 /* ViewController.swift */,
				65FF80421EBFFF170037D137 /* Main.storyboard */,
				65FF80451EBFFF170037D137 /* Assets.xcassets */,
				65FF80471EBFFF170037D137 /* LaunchScreen.storyboard */,
				65FF804A1EBFFF170037D137 /* Info.plist */,
			);
			path = iOSQuiz;
			sourceTree = "<group>";
		};
		65FF80521EBFFF170037D137 /* iOSQuizTests */ = {
			isa = PBXGroup;
			children = (
				65FF80531EBFFF170037D137 /* iOSQuizTests.swift */,
				65FF80551EBFFF170037D137 /* Info.plist */,
			);
			path = iOSQuizTests;
			sourceTree = "<group>";
		};
		65FF805D1EBFFF170037D137 /* iOSQuizUITests */ = {
			isa = PBXGroup;
			children = (
				65FF805E1EBFFF170037D137 /* iOSQuizUITests.swift */,
				65FF80601EBFFF170037D137 /* Info.plist */,
			);
			path = iOSQuizUITests;
			sourceTree = "<group>";
		};
/* End PBXGroup section */

/* Begin PBXNativeTarget section */
		65FF803A1EBFFF170037D137 /* iOSQuiz */ = {
			isa = PBXNativeTarget;
			buildConfigurationList = 65FF80631EBFFF170037D137 /* Build configuration list for PBXNativeTarget "iOSQuiz" */;
			buildPhases = (
				65FF80371EBFFF170037D137 /* Sources */,
				65FF80381EBFFF170037D137 /* Frameworks */,
				65FF80391EBFFF170037D137 /* Resources */,
			);
			buildRules = (
			);
			dependencies = (
			);
			name = iOSQuiz;
			productName = iOSQuiz;
			productReference = 65FF803B1EBFFF170037D137 /* iOSQuiz.app */;
			productType = "com.apple.product-type.application";
		};
		65FF804E1EBFFF170037D137 /* iOSQuizTests */ = {
			isa = PBXNativeTarget;
			buildConfigurationList = 65FF80661EBFFF170037D137 /* Build configuration list for PBXNativeTarget "iOSQuizTests" */;
			buildPhases = (
				65FF804B1EBFFF170037D137 /* Sources */,
				65FF804C1EBFFF170037D137 /* Frameworks */,
				65FF804D1EBFFF170037D137 /* Resources */,
			);
			buildRules = (
			);
			dependencies = (
				65FF80511EBFFF170037D137 /* PBXTargetDependency */,
			);
			name = iOSQuizTests;
			productName = iOSQuizTests;
			productReference = 65FF804F1EBFFF170037D137 /* iOSQuizTests.xctest */;
			productType = "com.apple.product-type.bundle.unit-test";
		};
		65FF80591EBFFF170037D137 /* iOSQuizUITests */ = {
			isa = PBXNativeTarget;
			buildConfigurationList = 65FF80691EBFFF170037D137 /* Build configuration list for PBXNativeTarget "iOSQuizUITests" */;
			buildPhases = (
				65FF80561EBFFF170037D137 /* Sources */,
				65FF80571EBFFF170037D137 /* Frameworks */,
				65FF80581EBFFF170037D137 /* Resources */,
			);
			buildRules = (
			);
			dependencies = (
				65FF805C1EBFFF170037D137 /* PBXTargetDependency */,
			);
			name = iOSQuizUITests;
			productName = iOSQuizUITests;
			productReference = 65FF805A1EBFFF170037D137 /* iOSQuizUITests.xctest */;
			productType = "com.apple.product-type.bundle.ui-testing";
		};
/* End PBXNativeTarget section */

/* Begin PBXProject section */
		65FF80331EBFFF170037D137 /* Project object */ = {
			isa = PBXProject;
			attributes = {
				LastSwiftUpdateCheck = 0830;
				LastUpgradeCheck = 0830;
				ORGANIZATIONNAME = colbehr;
				TargetAttributes = {
					65FF803A1EBFFF170037D137 = {
						CreatedOnToolsVersion = 8.3.2;
						ProvisioningStyle = Automatic;
					};
					65FF804E1EBFFF170037D137 = {
						CreatedOnToolsVersion = 8.3.2;
						ProvisioningStyle = Automatic;
						TestTargetID = 65FF803A1EBFFF170037D137;
					};
					65FF80591EBFFF170037D137 = {
						CreatedOnToolsVersion = 8.3.2;
						ProvisioningStyle = Automatic;
						TestTargetID = 65FF803A1EBFFF170037D137;
					};
				};
			};
			buildConfigurationList = 65FF80361EBFFF170037D137 /* Build configuration list for PBXProject "iOSQuiz" */;
			compatibilityVersion = "Xcode 3.2";
			developmentRegion = English;
			hasScannedForEncodings = 0;
			knownRegions = (
				en,
				Base,
			);
			mainGroup = 65FF80321EBFFF170037D137;
			productRefGroup = 65FF803C1EBFFF170037D137 /* Products */;
			projectDirPath = "";
			projectRoot = "";
			targets = (
				65FF803A1EBFFF170037D137 /* iOSQuiz */,
				65FF804E1EBFFF170037D137 /* iOSQuizTests */,
				65FF80591EBFFF170037D137 /* iOSQuizUITests */,
			);
		};
/* End PBXProject section */

/* Begin PBXResourcesBuildPhase section */
		65FF80391EBFFF170037D137 /* Resources */ = {
			isa = PBXResourcesBuildPhase;
			buildActionMask = 2147483647;
			files = (
				65FF80491EBFFF170037D137 /* LaunchScreen.storyboard in Resources */,
				65FF80461EBFFF170037D137 /* Assets.xcassets in Resources */,
				65FF80441EBFFF170037D137 /* Main.storyboard in Resources */,
			);
			runOnlyForDeploymentPostprocessing = 0;
		};
		65FF804D1EBFFF170037D137 /* Resources */ = {
			isa = PBXResourcesBuildPhase;
			buildActionMask = 2147483647;
			files = (
			);
			runOnlyForDeploymentPostprocessing = 0;
		};
		65FF80581EBFFF170037D137 /* Resources */ = {
			isa = PBXResourcesBuildPhase;
			buildActionMask = 2147483647;
			files = (
			);
			runOnlyForDeploymentPostprocessing = 0;
		};
/* End PBXResourcesBuildPhase section */

/* Begin PBXSourcesBuildPhase section */
		65FF80371EBFFF170037D137 /* Sources */ = {
			isa = PBXSourcesBuildPhase;
			buildActionMask = 2147483647;
			files = (
				65FF80411EBFFF170037D137 /* ViewController.swift in Sources */,
				65FF803F1EBFFF170037D137 /* AppDelegate.swift in Sources */,
			);
			runOnlyForDeploymentPostprocessing = 0;
		};
		65FF804B1EBFFF170037D137 /* Sources */ = {
			isa = PBXSourcesBuildPhase;
			buildActionMask = 2147483647;
			files = (
				65FF80541EBFFF170037D137 /* iOSQuizTests.swift in Sources */,
			);
			runOnlyForDeploymentPostprocessing = 0;
		};
		65FF80561EBFFF170037D137 /* Sources */ = {
			isa = PBXSourcesBuildPhase;
			buildActionMask = 2147483647;
			files = (
				65FF805F1EBFFF170037D137 /* iOSQuizUITests.swift in Sources */,
			);
			runOnlyForDeploymentPostprocessing = 0;
		};
/* End PBXSourcesBuildPhase section */

/* Begin PBXTargetDependency section */
		65FF80511EBFFF170037D137 /* PBXTargetDependency */ = {
			isa = PBXTargetDependency;
			target = 65FF803A1EBFFF170037D137 /* iOSQuiz */;
			targetProxy = 65FF80501EBFFF170037D137 /* PBXContainerItemProxy */;
		};
		65FF805C1EBFFF170037D137 /* PBXTargetDependency */ = {
			isa = PBXTargetDependency;
			target = 65FF803A1EBFFF170037D137 /* iOSQuiz */;
			targetProxy = 65FF805B1EBFFF170037D137 /* PBXContainerItemProxy */;
		};
/* End PBXTargetDependency section */

/* Begin PBXVariantGroup section */
		65FF80421EBFFF170037D137 /* Main.storyboard */ = {
			isa = PBXVariantGroup;
			children = (
				65FF80431EBFFF170037D137 /* Base */,
			);
			name = Main.storyboard;
			sourceTree = "<group>";
		};
		65FF80471EBFFF170037D137 /* LaunchScreen.storyboard */ = {
			isa = PBXVariantGroup;
			children = (
				65FF80481EBFFF170037D137 /* Base */,
			);
			name = LaunchScreen.storyboard;
			sourceTree = "<group>";
		};
/* End PBXVariantGroup section */

/* Begin XCBuildConfiguration section */
		65FF80611EBFFF170037D137 /* Debug */ = {
			isa = XCBuildConfiguration;
			buildSettings = {
				ALWAYS_SEARCH_USER_PATHS = NO;
				CLANG_ANALYZER_NONNULL = YES;
				CLANG_ANALYZER_NUMBER_OBJECT_CONVERSION = YES_AGGRESSIVE;
				CLANG_CXX_LANGUAGE_STANDARD = "gnu++0x";
				CLANG_CXX_LIBRARY = "libc++";
				CLANG_ENABLE_MODULES = YES;
				CLANG_ENABLE_OBJC_ARC = YES;
				CLANG_WARN_BOOL_CONVERSION = YES;
				CLANG_WARN_CONSTANT_CONVERSION = YES;
				CLANG_WARN_DIRECT_OBJC_ISA_USAGE = YES_ERROR;
				CLANG_WARN_DOCUMENTATION_COMMENTS = YES;
				CLANG_WARN_EMPTY_BODY = YES;
				CLANG_WARN_ENUM_CONVERSION = YES;
				CLANG_WARN_INFINITE_RECURSION = YES;
				CLANG_WARN_INT_CONVERSION = YES;
				CLANG_WARN_OBJC_ROOT_CLASS = YES_ERROR;
				CLANG_WARN_SUSPICIOUS_MOVE = YES;
				CLANG_WARN_UNREACHABLE_CODE = YES;
				CLANG_WARN__DUPLICATE_METHOD_MATCH = YES;
				"CODE_SIGN_IDENTITY[sdk=iphoneos*]" = "iPhone Developer";
				COPY_PHASE_STRIP = NO;
				DEBUG_INFORMATION_FORMAT = dwarf;
				ENABLE_STRICT_OBJC_MSGSEND = YES;
				ENABLE_TESTABILITY = YES;
				GCC_C_LANGUAGE_STANDARD = gnu99;
				GCC_DYNAMIC_NO_PIC = NO;
				GCC_NO_COMMON_BLOCKS = YES;
				GCC_OPTIMIZATION_LEVEL = 0;
				GCC_PREPROCESSOR_DEFINITIONS = (
					"DEBUG=1",
					"$(inherited)",
				);
				GCC_WARN_64_TO_32_BIT_CONVERSION = YES;
				GCC_WARN_ABOUT_RETURN_TYPE = YES_ERROR;
				GCC_WARN_UNDECLARED_SELECTOR = YES;
				GCC_WARN_UNINITIALIZED_AUTOS = YES_AGGRESSIVE;
				GCC_WARN_UNUSED_FUNCTION = YES;
				GCC_WARN_UNUSED_VARIABLE = YES;
				IPHONEOS_DEPLOYMENT_TARGET = 10.3;
				MTL_ENABLE_DEBUG_INFO = YES;
				ONLY_ACTIVE_ARCH = YES;
				SDKROOT = iphoneos;
				SWIFT_ACTIVE_COMPILATION_CONDITIONS = DEBUG;
				SWIFT_OPTIMIZATION_LEVEL = "-Onone";
				TARGETED_DEVICE_FAMILY = "1,2";
			};
			name = Debug;
		};
		65FF80621EBFFF170037D137 /* Release */ = {
			isa = XCBuildConfiguration;
			buildSettings = {
				ALWAYS_SEARCH_USER_PATHS = NO;
				CLANG_ANALYZER_NONNULL = YES;
				CLANG_ANALYZER_NUMBER_OBJECT_CONVERSION = YES_AGGRESSIVE;
				CLANG_CXX_LANGUAGE_STANDARD = "gnu++0x";
				CLANG_CXX_LIBRARY = "libc++";
				CLANG_ENABLE_MODULES = YES;
				CLANG_ENABLE_OBJC_ARC = YES;
				CLANG_WARN_BOOL_CONVERSION = YES;
				CLANG_WARN_CONSTANT_CONVERSION = YES;
				CLANG_WARN_DIRECT_OBJC_ISA_USAGE = YES_ERROR;
				CLANG_WARN_DOCUMENTATION_COMMENTS = YES;
				CLANG_WARN_EMPTY_BODY = YES;
				CLANG_WARN_ENUM_CONVERSION = YES;
				CLANG_WARN_INFINITE_RECURSION = YES;
				CLANG_WARN_INT_CONVERSION = YES;
				CLANG_WARN_OBJC_ROOT_CLASS = YES_ERROR;
				CLANG_WARN_SUSPICIOUS_MOVE = YES;
				CLANG_WARN_UNREACHABLE_CODE = YES;
				CLANG_WARN__DUPLICATE_METHOD_MATCH = YES;
				"CODE_SIGN_IDENTITY[sdk=iphoneos*]" = "iPhone Developer";
				COPY_PHASE_STRIP = NO;
				DEBUG_INFORMATION_FORMAT = "dwarf-with-dsym";
				ENABLE_NS_ASSERTIONS = NO;
				ENABLE_STRICT_OBJC_MSGSEND = YES;
				GCC_C_LANGUAGE_STANDARD = gnu99;
				GCC_NO_COMMON_BLOCKS = YES;
				GCC_WARN_64_TO_32_BIT_CONVERSION = YES;
				GCC_WARN_ABOUT_RETURN_TYPE = YES_ERROR;
				GCC_WARN_UNDECLARED_SELECTOR = YES;
				GCC_WARN_UNINITIALIZED_AUTOS = YES_AGGRESSIVE;
				GCC_WARN_UNUSED_FUNCTION = YES;
				GCC_WARN_UNUSED_VARIABLE = YES;
				IPHONEOS_DEPLOYMENT_TARGET = 10.3;
				MTL_ENABLE_DEBUG_INFO = NO;
				SDKROOT = iphoneos;
				SWIFT_OPTIMIZATION_LEVEL = "-Owholemodule";
				TARGETED_DEVICE_FAMILY = "1,2";
				VALIDATE_PRODUCT = YES;
			};
			name = Release;
		};
		65FF80641EBFFF170037D137 /* Debug */ = {
			isa = XCBuildConfiguration;
			buildSettings = {
				ASSETCATALOG_COMPILER_APPICON_NAME = AppIcon;
				INFOPLIST_FILE = iOSQuiz/Info.plist;
				LD_RUNPATH_SEARCH_PATHS = "$(inherited) @executable_path/Frameworks";
				PRODUCT_BUNDLE_IDENTIFIER = com.colbehr.iOSQuiz;
				PRODUCT_NAME = "$(TARGET_NAME)";
				SWIFT_VERSION = 3.0;
			};
			name = Debug;
		};
		65FF80651EBFFF170037D137 /* Release */ = {
			isa = XCBuildConfiguration;
			buildSettings = {
				ASSETCATALOG_COMPILER_APPICON_NAME = AppIcon;
				INFOPLIST_FILE = iOSQuiz/Info.plist;
				LD_RUNPATH_SEARCH_PATHS = "$(inherited) @executable_path/Frameworks";
				PRODUCT_BUNDLE_IDENTIFIER = com.colbehr.iOSQuiz;
				PRODUCT_NAME = "$(TARGET_NAME)";
				SWIFT_VERSION = 3.0;
			};
			name = Release;
		};
		65FF80671EBFFF170037D137 /* Debug */ = {
			isa = XCBuildConfiguration;
			buildSettings = {
				ALWAYS_EMBED_SWIFT_STANDARD_LIBRARIES = YES;
				BUNDLE_LOADER = "$(TEST_HOST)";
				INFOPLIST_FILE = iOSQuizTests/Info.plist;
				LD_RUNPATH_SEARCH_PATHS = "$(inherited) @executable_path/Frameworks @loader_path/Frameworks";
				PRODUCT_BUNDLE_IDENTIFIER = com.colbehr.iOSQuizTests;
				PRODUCT_NAME = "$(TARGET_NAME)";
				SWIFT_VERSION = 3.0;
				TEST_HOST = "$(BUILT_PRODUCTS_DIR)/iOSQuiz.app/iOSQuiz";
			};
			name = Debug;
		};
		65FF80681EBFFF170037D137 /* Release */ = {
			isa = XCBuildConfiguration;
			buildSettings = {
				ALWAYS_EMBED_SWIFT_STANDARD_LIBRARIES = YES;
				BUNDLE_LOADER = "$(TEST_HOST)";
				INFOPLIST_FILE = iOSQuizTests/Info.plist;
				LD_RUNPATH_SEARCH_PATHS = "$(inherited) @executable_path/Frameworks @loader_path/Frameworks";
				PRODUCT_BUNDLE_IDENTIFIER = com.colbehr.iOSQuizTests;
				PRODUCT_NAME = "$(TARGET_NAME)";
				SWIFT_VERSION = 3.0;
				TEST_HOST = "$(BUILT_PRODUCTS_DIR)/iOSQuiz.app/iOSQuiz";
			};
			name = Release;
		};
		65FF806A1EBFFF170037D137 /* Debug */ = {
			isa = XCBuildConfiguration;
			buildSettings = {
				ALWAYS_EMBED_SWIFT_STANDARD_LIBRARIES = YES;
				INFOPLIST_FILE = iOSQuizUITests/Info.plist;
				LD_RUNPATH_SEARCH_PATHS = "$(inherited) @executable_path/Frameworks @loader_path/Frameworks";
				PRODUCT_BUNDLE_IDENTIFIER = com.colbehr.iOSQuizUITests;
				PRODUCT_NAME = "$(TARGET_NAME)";
				SWIFT_VERSION = 3.0;
				TEST_TARGET_NAME = iOSQuiz;
			};
			name = Debug;
		};
		65FF806B1EBFFF170037D137 /* Release */ = {
			isa = XCBuildConfiguration;
			buildSettings = {
				ALWAYS_EMBED_SWIFT_STANDARD_LIBRARIES = YES;
				INFOPLIST_FILE = iOSQuizUITests/Info.plist;
				LD_RUNPATH_SEARCH_PATHS = "$(inherited) @executable_path/Frameworks @loader_path/Frameworks";
				PRODUCT_BUNDLE_IDENTIFIER = com.colbehr.iOSQuizUITests;
				PRODUCT_NAME = "$(TARGET_NAME)";
				SWIFT_VERSION = 3.0;
				TEST_TARGET_NAME = iOSQuiz;
			};
			name = Release;
		};
/* End XCBuildConfiguration section */

/* Begin XCConfigurationList section */
		65FF80361EBFFF170037D137 /* Build configuration list for PBXProject "iOSQuiz" */ = {
			isa = XCConfigurationList;
			buildConfigurations = (
				65FF80611EBFFF170037D137 /* Debug */,
				65FF80621EBFFF170037D137 /* Release */,
			);
			defaultConfigurationIsVisible = 0;
			defaultConfigurationName = Release;
		};
		65FF80631EBFFF170037D137 /* Build configuration list for PBXNativeTarget "iOSQuiz" */ = {
			isa = XCConfigurationList;
			buildConfigurations = (
				65FF80641EBFFF170037D137 /* Debug */,
				65FF80651EBFFF170037D137 /* Release */,
			);
			defaultConfigurationIsVisible = 0;
		};
		65FF80661EBFFF170037D137 /* Build configuration list for PBXNativeTarget "iOSQuizTests" */ = {
			isa = XCConfigurationList;
			buildConfigurations = (
				65FF80671EBFFF170037D137 /* Debug */,
				65FF80681EBFFF170037D137 /* Release */,
			);
			defaultConfigurationIsVisible = 0;
		};
		65FF80691EBFFF170037D137 /* Build configuration list for PBXNativeTarget "iOSQuizUITests" */ = {
			isa = XCConfigurationList;
			buildConfigurations = (
				65FF806A1EBFFF170037D137 /* Debug */,
				65FF806B1EBFFF170037D137 /* Release */,
			);
			defaultConfigurationIsVisible = 0;
		};
/* End XCConfigurationList section */
	};
	rootObject = 65FF80331EBFFF170037D137 /* Project object */;
}
