// !$*UTF8*$!
{
	archiveVersion = 1;
	classes = {
	};
	objectVersion = 46;
	objects = {

/* Begin PBXBuildFile section */
		6557A32C1ECA2B1100392C03 /* AppDelegate.swift in Sources */ = {isa = PBXBuildFile; fileRef = 6557A32B1ECA2B1100392C03 /* AppDelegate.swift */; };
		6557A32E1ECA2B1100392C03 /* ViewController.swift in Sources */ = {isa = PBXBuildFile; fileRef = 6557A32D1ECA2B1100392C03 /* ViewController.swift */; };
		6557A3311ECA2B1100392C03 /* Main.storyboard in Resources */ = {isa = PBXBuildFile; fileRef = 6557A32F1ECA2B1100392C03 /* Main.storyboard */; };
		6557A3331ECA2B1100392C03 /* Assets.xcassets in Resources */ = {isa = PBXBuildFile; fileRef = 6557A3321ECA2B1100392C03 /* Assets.xcassets */; };
		6557A3361ECA2B1100392C03 /* LaunchScreen.storyboard in Resources */ = {isa = PBXBuildFile; fileRef = 6557A3341ECA2B1100392C03 /* LaunchScreen.storyboard */; };
		6557A3411ECA2B1100392C03 /* agingPeopleTests.swift in Sources */ = {isa = PBXBuildFile; fileRef = 6557A3401ECA2B1100392C03 /* agingPeopleTests.swift */; };
		6557A34C1ECA2B1100392C03 /* agingPeopleUITests.swift in Sources */ = {isa = PBXBuildFile; fileRef = 6557A34B1ECA2B1100392C03 /* agingPeopleUITests.swift */; };
/* End PBXBuildFile section */

/* Begin PBXContainerItemProxy section */
		6557A33D1ECA2B1100392C03 /* PBXContainerItemProxy */ = {
			isa = PBXContainerItemProxy;
			containerPortal = 6557A3201ECA2B1100392C03 /* Project object */;
			proxyType = 1;
			remoteGlobalIDString = 6557A3271ECA2B1100392C03;
			remoteInfo = agingPeople;
		};
		6557A3481ECA2B1100392C03 /* PBXContainerItemProxy */ = {
			isa = PBXContainerItemProxy;
			containerPortal = 6557A3201ECA2B1100392C03 /* Project object */;
			proxyType = 1;
			remoteGlobalIDString = 6557A3271ECA2B1100392C03;
			remoteInfo = agingPeople;
		};
/* End PBXContainerItemProxy section */

/* Begin PBXFileReference section */
		6557A3281ECA2B1100392C03 /* agingPeople.app */ = {isa = PBXFileReference; explicitFileType = wrapper.application; includeInIndex = 0; path = agingPeople.app; sourceTree = BUILT_PRODUCTS_DIR; };
		6557A32B1ECA2B1100392C03 /* AppDelegate.swift */ = {isa = PBXFileReference; lastKnownFileType = sourcecode.swift; path = AppDelegate.swift; sourceTree = "<group>"; };
		6557A32D1ECA2B1100392C03 /* ViewController.swift */ = {isa = PBXFileReference; lastKnownFileType = sourcecode.swift; path = ViewController.swift; sourceTree = "<group>"; };
		6557A3301ECA2B1100392C03 /* Base */ = {isa = PBXFileReference; lastKnownFileType = file.storyboard; name = Base; path = Base.lproj/Main.storyboard; sourceTree = "<group>"; };
		6557A3321ECA2B1100392C03 /* Assets.xcassets */ = {isa = PBXFileReference; lastKnownFileType = folder.assetcatalog; path = Assets.xcassets; sourceTree = "<group>"; };
		6557A3351ECA2B1100392C03 /* Base */ = {isa = PBXFileReference; lastKnownFileType = file.storyboard; name = Base; path = Base.lproj/LaunchScreen.storyboard; sourceTree = "<group>"; };
		6557A3371ECA2B1100392C03 /* Info.plist */ = {isa = PBXFileReference; lastKnownFileType = text.plist.xml; path = Info.plist; sourceTree = "<group>"; };
		6557A33C1ECA2B1100392C03 /* agingPeopleTests.xctest */ = {isa = PBXFileReference; explicitFileType = wrapper.cfbundle; includeInIndex = 0; path = agingPeopleTests.xctest; sourceTree = BUILT_PRODUCTS_DIR; };
		6557A3401ECA2B1100392C03 /* agingPeopleTests.swift */ = {isa = PBXFileReference; lastKnownFileType = sourcecode.swift; path = agingPeopleTests.swift; sourceTree = "<group>"; };
		6557A3421ECA2B1100392C03 /* Info.plist */ = {isa = PBXFileReference; lastKnownFileType = text.plist.xml; path = Info.plist; sourceTree = "<group>"; };
		6557A3471ECA2B1100392C03 /* agingPeopleUITests.xctest */ = {isa = PBXFileReference; explicitFileType = wrapper.cfbundle; includeInIndex = 0; path = agingPeopleUITests.xctest; sourceTree = BUILT_PRODUCTS_DIR; };
		6557A34B1ECA2B1100392C03 /* agingPeopleUITests.swift */ = {isa = PBXFileReference; lastKnownFileType = sourcecode.swift; path = agingPeopleUITests.swift; sourceTree = "<group>"; };
		6557A34D1ECA2B1100392C03 /* Info.plist */ = {isa = PBXFileReference; lastKnownFileType = text.plist.xml; path = Info.plist; sourceTree = "<group>"; };
/* End PBXFileReference section */

/* Begin PBXFrameworksBuildPhase section */
		6557A3251ECA2B1100392C03 /* Frameworks */ = {
			isa = PBXFrameworksBuildPhase;
			buildActionMask = 2147483647;
			files = (
			);
			runOnlyForDeploymentPostprocessing = 0;
		};
		6557A3391ECA2B1100392C03 /* Frameworks */ = {
			isa = PBXFrameworksBuildPhase;
			buildActionMask = 2147483647;
			files = (
			);
			runOnlyForDeploymentPostprocessing = 0;
		};
		6557A3441ECA2B1100392C03 /* Frameworks */ = {
			isa = PBXFrameworksBuildPhase;
			buildActionMask = 2147483647;
			files = (
			);
			runOnlyForDeploymentPostprocessing = 0;
		};
/* End PBXFrameworksBuildPhase section */

/* Begin PBXGroup section */
		6557A31F1ECA2B1100392C03 = {
			isa = PBXGroup;
			children = (
				6557A32A1ECA2B1100392C03 /* agingPeople */,
				6557A33F1ECA2B1100392C03 /* agingPeopleTests */,
				6557A34A1ECA2B1100392C03 /* agingPeopleUITests */,
				6557A3291ECA2B1100392C03 /* Products */,
			);
			sourceTree = "<group>";
		};
		6557A3291ECA2B1100392C03 /* Products */ = {
			isa = PBXGroup;
			children = (
				6557A3281ECA2B1100392C03 /* agingPeople.app */,
				6557A33C1ECA2B1100392C03 /* agingPeopleTests.xctest */,
				6557A3471ECA2B1100392C03 /* agingPeopleUITests.xctest */,
			);
			name = Products;
			sourceTree = "<group>";
		};
		6557A32A1ECA2B1100392C03 /* agingPeople */ = {
			isa = PBXGroup;
			children = (
				6557A32B1ECA2B1100392C03 /* AppDelegate.swift */,
				6557A32D1ECA2B1100392C03 /* ViewController.swift */,
				6557A32F1ECA2B1100392C03 /* Main.storyboard */,
				6557A3321ECA2B1100392C03 /* Assets.xcassets */,
				6557A3341ECA2B1100392C03 /* LaunchScreen.storyboard */,
				6557A3371ECA2B1100392C03 /* Info.plist */,
			);
			path = agingPeople;
			sourceTree = "<group>";
		};
		6557A33F1ECA2B1100392C03 /* agingPeopleTests */ = {
			isa = PBXGroup;
			children = (
				6557A3401ECA2B1100392C03 /* agingPeopleTests.swift */,
				6557A3421ECA2B1100392C03 /* Info.plist */,
			);
			path = agingPeopleTests;
			sourceTree = "<group>";
		};
		6557A34A1ECA2B1100392C03 /* agingPeopleUITests */ = {
			isa = PBXGroup;
			children = (
				6557A34B1ECA2B1100392C03 /* agingPeopleUITests.swift */,
				6557A34D1ECA2B1100392C03 /* Info.plist */,
			);
			path = agingPeopleUITests;
			sourceTree = "<group>";
		};
/* End PBXGroup section */

/* Begin PBXNativeTarget section */
		6557A3271ECA2B1100392C03 /* agingPeople */ = {
			isa = PBXNativeTarget;
			buildConfigurationList = 6557A3501ECA2B1100392C03 /* Build configuration list for PBXNativeTarget "agingPeople" */;
			buildPhases = (
				6557A3241ECA2B1100392C03 /* Sources */,
				6557A3251ECA2B1100392C03 /* Frameworks */,
				6557A3261ECA2B1100392C03 /* Resources */,
			);
			buildRules = (
			);
			dependencies = (
			);
			name = agingPeople;
			productName = agingPeople;
			productReference = 6557A3281ECA2B1100392C03 /* agingPeople.app */;
			productType = "com.apple.product-type.application";
		};
		6557A33B1ECA2B1100392C03 /* agingPeopleTests */ = {
			isa = PBXNativeTarget;
			buildConfigurationList = 6557A3531ECA2B1100392C03 /* Build configuration list for PBXNativeTarget "agingPeopleTests" */;
			buildPhases = (
				6557A3381ECA2B1100392C03 /* Sources */,
				6557A3391ECA2B1100392C03 /* Frameworks */,
				6557A33A1ECA2B1100392C03 /* Resources */,
			);
			buildRules = (
			);
			dependencies = (
				6557A33E1ECA2B1100392C03 /* PBXTargetDependency */,
			);
			name = agingPeopleTests;
			productName = agingPeopleTests;
			productReference = 6557A33C1ECA2B1100392C03 /* agingPeopleTests.xctest */;
			productType = "com.apple.product-type.bundle.unit-test";
		};
		6557A3461ECA2B1100392C03 /* agingPeopleUITests */ = {
			isa = PBXNativeTarget;
			buildConfigurationList = 6557A3561ECA2B1100392C03 /* Build configuration list for PBXNativeTarget "agingPeopleUITests" */;
			buildPhases = (
				6557A3431ECA2B1100392C03 /* Sources */,
				6557A3441ECA2B1100392C03 /* Frameworks */,
				6557A3451ECA2B1100392C03 /* Resources */,
			);
			buildRules = (
			);
			dependencies = (
				6557A3491ECA2B1100392C03 /* PBXTargetDependency */,
			);
			name = agingPeopleUITests;
			productName = agingPeopleUITests;
			productReference = 6557A3471ECA2B1100392C03 /* agingPeopleUITests.xctest */;
			productType = "com.apple.product-type.bundle.ui-testing";
		};
/* End PBXNativeTarget section */

/* Begin PBXProject section */
		6557A3201ECA2B1100392C03 /* Project object */ = {
			isa = PBXProject;
			attributes = {
				LastSwiftUpdateCheck = 0830;
				LastUpgradeCheck = 0830;
				ORGANIZATIONNAME = colbehr;
				TargetAttributes = {
					6557A3271ECA2B1100392C03 = {
						CreatedOnToolsVersion = 8.3.2;
						DevelopmentTeam = D97YF4B73E;
						ProvisioningStyle = Automatic;
					};
					6557A33B1ECA2B1100392C03 = {
						CreatedOnToolsVersion = 8.3.2;
						ProvisioningStyle = Automatic;
						TestTargetID = 6557A3271ECA2B1100392C03;
					};
					6557A3461ECA2B1100392C03 = {
						CreatedOnToolsVersion = 8.3.2;
						ProvisioningStyle = Automatic;
						TestTargetID = 6557A3271ECA2B1100392C03;
					};
				};
			};
			buildConfigurationList = 6557A3231ECA2B1100392C03 /* Build configuration list for PBXProject "agingPeople" */;
			compatibilityVersion = "Xcode 3.2";
			developmentRegion = English;
			hasScannedForEncodings = 0;
			knownRegions = (
				en,
				Base,
			);
			mainGroup = 6557A31F1ECA2B1100392C03;
			productRefGroup = 6557A3291ECA2B1100392C03 /* Products */;
			projectDirPath = "";
			projectRoot = "";
			targets = (
				6557A3271ECA2B1100392C03 /* agingPeople */,
				6557A33B1ECA2B1100392C03 /* agingPeopleTests */,
				6557A3461ECA2B1100392C03 /* agingPeopleUITests */,
			);
		};
/* End PBXProject section */

/* Begin PBXResourcesBuildPhase section */
		6557A3261ECA2B1100392C03 /* Resources */ = {
			isa = PBXResourcesBuildPhase;
			buildActionMask = 2147483647;
			files = (
				6557A3361ECA2B1100392C03 /* LaunchScreen.storyboard in Resources */,
				6557A3331ECA2B1100392C03 /* Assets.xcassets in Resources */,
				6557A3311ECA2B1100392C03 /* Main.storyboard in Resources */,
			);
			runOnlyForDeploymentPostprocessing = 0;
		};
		6557A33A1ECA2B1100392C03 /* Resources */ = {
			isa = PBXResourcesBuildPhase;
			buildActionMask = 2147483647;
			files = (
			);
			runOnlyForDeploymentPostprocessing = 0;
		};
		6557A3451ECA2B1100392C03 /* Resources */ = {
			isa = PBXResourcesBuildPhase;
			buildActionMask = 2147483647;
			files = (
			);
			runOnlyForDeploymentPostprocessing = 0;
		};
/* End PBXResourcesBuildPhase section */

/* Begin PBXSourcesBuildPhase section */
		6557A3241ECA2B1100392C03 /* Sources */ = {
			isa = PBXSourcesBuildPhase;
			buildActionMask = 2147483647;
			files = (
				6557A32E1ECA2B1100392C03 /* ViewController.swift in Sources */,
				6557A32C1ECA2B1100392C03 /* AppDelegate.swift in Sources */,
			);
			runOnlyForDeploymentPostprocessing = 0;
		};
		6557A3381ECA2B1100392C03 /* Sources */ = {
			isa = PBXSourcesBuildPhase;
			buildActionMask = 2147483647;
			files = (
				6557A3411ECA2B1100392C03 /* agingPeopleTests.swift in Sources */,
			);
			runOnlyForDeploymentPostprocessing = 0;
		};
		6557A3431ECA2B1100392C03 /* Sources */ = {
			isa = PBXSourcesBuildPhase;
			buildActionMask = 2147483647;
			files = (
				6557A34C1ECA2B1100392C03 /* agingPeopleUITests.swift in Sources */,
			);
			runOnlyForDeploymentPostprocessing = 0;
		};
/* End PBXSourcesBuildPhase section */

/* Begin PBXTargetDependency section */
		6557A33E1ECA2B1100392C03 /* PBXTargetDependency */ = {
			isa = PBXTargetDependency;
			target = 6557A3271ECA2B1100392C03 /* agingPeople */;
			targetProxy = 6557A33D1ECA2B1100392C03 /* PBXContainerItemProxy */;
		};
		6557A3491ECA2B1100392C03 /* PBXTargetDependency */ = {
			isa = PBXTargetDependency;
			target = 6557A3271ECA2B1100392C03 /* agingPeople */;
			targetProxy = 6557A3481ECA2B1100392C03 /* PBXContainerItemProxy */;
		};
/* End PBXTargetDependency section */

/* Begin PBXVariantGroup section */
		6557A32F1ECA2B1100392C03 /* Main.storyboard */ = {
			isa = PBXVariantGroup;
			children = (
				6557A3301ECA2B1100392C03 /* Base */,
			);
			name = Main.storyboard;
			sourceTree = "<group>";
		};
		6557A3341ECA2B1100392C03 /* LaunchScreen.storyboard */ = {
			isa = PBXVariantGroup;
			children = (
				6557A3351ECA2B1100392C03 /* Base */,
			);
			name = LaunchScreen.storyboard;
			sourceTree = "<group>";
		};
/* End PBXVariantGroup section */

/* Begin XCBuildConfiguration section */
		6557A34E1ECA2B1100392C03 /* Debug */ = {
			isa = XCBuildConfiguration;
			buildSettings = {
				ALWAYS_SEARCH_USER_PATHS = NO;
				CLANG_ANALYZER_NONNULL = YES;
				CLANG_ANALYZER_NUMBER_OBJECT_CONVERSION = YES_AGGRESSIVE;
				CLANG_CXX_LANGUAGE_STANDARD = "gnu++0x";
				CLANG_CXX_LIBRARY = "libc++";
				CLANG_ENABLE_MODULES = YES;
				CLANG_ENABLE_OBJC_ARC = YES;
				CLANG_WARN_BOOL_CONVERSION = YES;
				CLANG_WARN_CONSTANT_CONVERSION = YES;
				CLANG_WARN_DIRECT_OBJC_ISA_USAGE = YES_ERROR;
				CLANG_WARN_DOCUMENTATION_COMMENTS = YES;
				CLANG_WARN_EMPTY_BODY = YES;
				CLANG_WARN_ENUM_CONVERSION = YES;
				CLANG_WARN_INFINITE_RECURSION = YES;
				CLANG_WARN_INT_CONVERSION = YES;
				CLANG_WARN_OBJC_ROOT_CLASS = YES_ERROR;
				CLANG_WARN_SUSPICIOUS_MOVE = YES;
				CLANG_WARN_UNREACHABLE_CODE = YES;
				CLANG_WARN__DUPLICATE_METHOD_MATCH = YES;
				"CODE_SIGN_IDENTITY[sdk=iphoneos*]" = "iPhone Developer";
				COPY_PHASE_STRIP = NO;
				DEBUG_INFORMATION_FORMAT = dwarf;
				ENABLE_STRICT_OBJC_MSGSEND = YES;
				ENABLE_TESTABILITY = YES;
				GCC_C_LANGUAGE_STANDARD = gnu99;
				GCC_DYNAMIC_NO_PIC = NO;
				GCC_NO_COMMON_BLOCKS = YES;
				GCC_OPTIMIZATION_LEVEL = 0;
				GCC_PREPROCESSOR_DEFINITIONS = (
					"DEBUG=1",
					"$(inherited)",
				);
				GCC_WARN_64_TO_32_BIT_CONVERSION = YES;
				GCC_WARN_ABOUT_RETURN_TYPE = YES_ERROR;
				GCC_WARN_UNDECLARED_SELECTOR = YES;
				GCC_WARN_UNINITIALIZED_AUTOS = YES_AGGRESSIVE;
				GCC_WARN_UNUSED_FUNCTION = YES;
				GCC_WARN_UNUSED_VARIABLE = YES;
				IPHONEOS_DEPLOYMENT_TARGET = 10.3;
				MTL_ENABLE_DEBUG_INFO = YES;
				ONLY_ACTIVE_ARCH = YES;
				SDKROOT = iphoneos;
				SWIFT_ACTIVE_COMPILATION_CONDITIONS = DEBUG;
				SWIFT_OPTIMIZATION_LEVEL = "-Onone";
				TARGETED_DEVICE_FAMILY = "1,2";
			};
			name = Debug;
		};
		6557A34F1ECA2B1100392C03 /* Release */ = {
			isa = XCBuildConfiguration;
			buildSettings = {
				ALWAYS_SEARCH_USER_PATHS = NO;
				CLANG_ANALYZER_NONNULL = YES;
				CLANG_ANALYZER_NUMBER_OBJECT_CONVERSION = YES_AGGRESSIVE;
				CLANG_CXX_LANGUAGE_STANDARD = "gnu++0x";
				CLANG_CXX_LIBRARY = "libc++";
				CLANG_ENABLE_MODULES = YES;
				CLANG_ENABLE_OBJC_ARC = YES;
				CLANG_WARN_BOOL_CONVERSION = YES;
				CLANG_WARN_CONSTANT_CONVERSION = YES;
				CLANG_WARN_DIRECT_OBJC_ISA_USAGE = YES_ERROR;
				CLANG_WARN_DOCUMENTATION_COMMENTS = YES;
				CLANG_WARN_EMPTY_BODY = YES;
				CLANG_WARN_ENUM_CONVERSION = YES;
				CLANG_WARN_INFINITE_RECURSION = YES;
				CLANG_WARN_INT_CONVERSION = YES;
				CLANG_WARN_OBJC_ROOT_CLASS = YES_ERROR;
				CLANG_WARN_SUSPICIOUS_MOVE = YES;
				CLANG_WARN_UNREACHABLE_CODE = YES;
				CLANG_WARN__DUPLICATE_METHOD_MATCH = YES;
				"CODE_SIGN_IDENTITY[sdk=iphoneos*]" = "iPhone Developer";
				COPY_PHASE_STRIP = NO;
				DEBUG_INFORMATION_FORMAT = "dwarf-with-dsym";
				ENABLE_NS_ASSERTIONS = NO;
				ENABLE_STRICT_OBJC_MSGSEND = YES;
				GCC_C_LANGUAGE_STANDARD = gnu99;
				GCC_NO_COMMON_BLOCKS = YES;
				GCC_WARN_64_TO_32_BIT_CONVERSION = YES;
				GCC_WARN_ABOUT_RETURN_TYPE = YES_ERROR;
				GCC_WARN_UNDECLARED_SELECTOR = YES;
				GCC_WARN_UNINITIALIZED_AUTOS = YES_AGGRESSIVE;
				GCC_WARN_UNUSED_FUNCTION = YES;
				GCC_WARN_UNUSED_VARIABLE = YES;
				IPHONEOS_DEPLOYMENT_TARGET = 10.3;
				MTL_ENABLE_DEBUG_INFO = NO;
				SDKROOT = iphoneos;
				SWIFT_OPTIMIZATION_LEVEL = "-Owholemodule";
				TARGETED_DEVICE_FAMILY = "1,2";
				VALIDATE_PRODUCT = YES;
			};
			name = Release;
		};
		6557A3511ECA2B1100392C03 /* Debug */ = {
			isa = XCBuildConfiguration;
			buildSettings = {
				ASSETCATALOG_COMPILER_APPICON_NAME = AppIcon;
				DEVELOPMENT_TEAM = D97YF4B73E;
				INFOPLIST_FILE = agingPeople/Info.plist;
				LD_RUNPATH_SEARCH_PATHS = "$(inherited) @executable_path/Frameworks";
				PRODUCT_BUNDLE_IDENTIFIER = com.colbehr.agingPeople;
				PRODUCT_NAME = "$(TARGET_NAME)";
				SWIFT_VERSION = 3.0;
			};
			name = Debug;
		};
		6557A3521ECA2B1100392C03 /* Release */ = {
			isa = XCBuildConfiguration;
			buildSettings = {
				ASSETCATALOG_COMPILER_APPICON_NAME = AppIcon;
				DEVELOPMENT_TEAM = D97YF4B73E;
				INFOPLIST_FILE = agingPeople/Info.plist;
				LD_RUNPATH_SEARCH_PATHS = "$(inherited) @executable_path/Frameworks";
				PRODUCT_BUNDLE_IDENTIFIER = com.colbehr.agingPeople;
				PRODUCT_NAME = "$(TARGET_NAME)";
				SWIFT_VERSION = 3.0;
			};
			name = Release;
		};
		6557A3541ECA2B1100392C03 /* Debug */ = {
			isa = XCBuildConfiguration;
			buildSettings = {
				ALWAYS_EMBED_SWIFT_STANDARD_LIBRARIES = YES;
				BUNDLE_LOADER = "$(TEST_HOST)";
				INFOPLIST_FILE = agingPeopleTests/Info.plist;
				LD_RUNPATH_SEARCH_PATHS = "$(inherited) @executable_path/Frameworks @loader_path/Frameworks";
				PRODUCT_BUNDLE_IDENTIFIER = com.colbehr.agingPeopleTests;
				PRODUCT_NAME = "$(TARGET_NAME)";
				SWIFT_VERSION = 3.0;
				TEST_HOST = "$(BUILT_PRODUCTS_DIR)/agingPeople.app/agingPeople";
			};
			name = Debug;
		};
		6557A3551ECA2B1100392C03 /* Release */ = {
			isa = XCBuildConfiguration;
			buildSettings = {
				ALWAYS_EMBED_SWIFT_STANDARD_LIBRARIES = YES;
				BUNDLE_LOADER = "$(TEST_HOST)";
				INFOPLIST_FILE = agingPeopleTests/Info.plist;
				LD_RUNPATH_SEARCH_PATHS = "$(inherited) @executable_path/Frameworks @loader_path/Frameworks";
				PRODUCT_BUNDLE_IDENTIFIER = com.colbehr.agingPeopleTests;
				PRODUCT_NAME = "$(TARGET_NAME)";
				SWIFT_VERSION = 3.0;
				TEST_HOST = "$(BUILT_PRODUCTS_DIR)/agingPeople.app/agingPeople";
			};
			name = Release;
		};
		6557A3571ECA2B1100392C03 /* Debug */ = {
			isa = XCBuildConfiguration;
			buildSettings = {
				ALWAYS_EMBED_SWIFT_STANDARD_LIBRARIES = YES;
				INFOPLIST_FILE = agingPeopleUITests/Info.plist;
				LD_RUNPATH_SEARCH_PATHS = "$(inherited) @executable_path/Frameworks @loader_path/Frameworks";
				PRODUCT_BUNDLE_IDENTIFIER = com.colbehr.agingPeopleUITests;
				PRODUCT_NAME = "$(TARGET_NAME)";
				SWIFT_VERSION = 3.0;
				TEST_TARGET_NAME = agingPeople;
			};
			name = Debug;
		};
		6557A3581ECA2B1100392C03 /* Release */ = {
			isa = XCBuildConfiguration;
			buildSettings = {
				ALWAYS_EMBED_SWIFT_STANDARD_LIBRARIES = YES;
				INFOPLIST_FILE = agingPeopleUITests/Info.plist;
				LD_RUNPATH_SEARCH_PATHS = "$(inherited) @executable_path/Frameworks @loader_path/Frameworks";
				PRODUCT_BUNDLE_IDENTIFIER = com.colbehr.agingPeopleUITests;
				PRODUCT_NAME = "$(TARGET_NAME)";
				SWIFT_VERSION = 3.0;
				TEST_TARGET_NAME = agingPeople;
			};
			name = Release;
		};
/* End XCBuildConfiguration section */

/* Begin XCConfigurationList section */
		6557A3231ECA2B1100392C03 /* Build configuration list for PBXProject "agingPeople" */ = {
			isa = XCConfigurationList;
			buildConfigurations = (
				6557A34E1ECA2B1100392C03 /* Debug */,
				6557A34F1ECA2B1100392C03 /* Release */,
			);
			defaultConfigurationIsVisible = 0;
			defaultConfigurationName = Release;
		};
		6557A3501ECA2B1100392C03 /* Build configuration list for PBXNativeTarget "agingPeople" */ = {
			isa = XCConfigurationList;
			buildConfigurations = (
				6557A3511ECA2B1100392C03 /* Debug */,
				6557A3521ECA2B1100392C03 /* Release */,
			);
			defaultConfigurationIsVisible = 0;
			defaultConfigurationName = Release;
		};
		6557A3531ECA2B1100392C03 /* Build configuration list for PBXNativeTarget "agingPeopleTests" */ = {
			isa = XCConfigurationList;
			buildConfigurations = (
				6557A3541ECA2B1100392C03 /* Debug */,
				6557A3551ECA2B1100392C03 /* Release */,
			);
			defaultConfigurationIsVisible = 0;
			defaultConfigurationName = Release;
		};
		6557A3561ECA2B1100392C03 /* Build configuration list for PBXNativeTarget "agingPeopleUITests" */ = {
			isa = XCConfigurationList;
			buildConfigurations = (
				6557A3571ECA2B1100392C03 /* Debug */,
				6557A3581ECA2B1100392C03 /* Release */,
			);
			defaultConfigurationIsVisible = 0;
			defaultConfigurationName = Release;
		};
/* End XCConfigurationList section */
	};
	rootObject = 6557A3201ECA2B1100392C03 /* Project object */;
}
